// !$*UTF8*$!
{
	archiveVersion = 1;
	classes = {
	};
	objectVersion = 46;
	objects = {

/* Begin PBXBuildFile section */
		EDFE6A7D1CDBB0F300D997F9 /* AppDelegate.swift in Sources */ = {isa = PBXBuildFile; fileRef = EDFE6A7C1CDBB0F300D997F9 /* AppDelegate.swift */; };
		EDFE6A7F1CDBB0F300D997F9 /* ViewController.swift in Sources */ = {isa = PBXBuildFile; fileRef = EDFE6A7E1CDBB0F300D997F9 /* ViewController.swift */; };
		EDFE6A821CDBB0F300D997F9 /* Main.storyboard in Resources */ = {isa = PBXBuildFile; fileRef = EDFE6A801CDBB0F300D997F9 /* Main.storyboard */; };
		EDFE6A841CDBB0F300D997F9 /* Assets.xcassets in Resources */ = {isa = PBXBuildFile; fileRef = EDFE6A831CDBB0F300D997F9 /* Assets.xcassets */; };
		EDFE6A871CDBB0F300D997F9 /* LaunchScreen.storyboard in Resources */ = {isa = PBXBuildFile; fileRef = EDFE6A851CDBB0F300D997F9 /* LaunchScreen.storyboard */; };
		EDFE6A921CDBB0F300D997F9 /* TagCollectionViewTests.swift in Sources */ = {isa = PBXBuildFile; fileRef = EDFE6A911CDBB0F300D997F9 /* TagCollectionViewTests.swift */; };
		EDFE6A9D1CDBB11A00D997F9 /* TagCollectionView.swift in Sources */ = {isa = PBXBuildFile; fileRef = EDFE6A9C1CDBB11A00D997F9 /* TagCollectionView.swift */; };
		EDFE6A9F1CDBB25E00D997F9 /* TagCollectionViewCell.swift in Sources */ = {isa = PBXBuildFile; fileRef = EDFE6A9E1CDBB25E00D997F9 /* TagCollectionViewCell.swift */; };
		EDFE6AA11CDBB29300D997F9 /* TagCollectionViewFlowLayout.swift in Sources */ = {isa = PBXBuildFile; fileRef = EDFE6AA01CDBB29300D997F9 /* TagCollectionViewFlowLayout.swift */; };
/* End PBXBuildFile section */

/* Begin PBXContainerItemProxy section */
		EDFE6A8E1CDBB0F300D997F9 /* PBXContainerItemProxy */ = {
			isa = PBXContainerItemProxy;
			containerPortal = EDFE6A711CDBB0F300D997F9 /* Project object */;
			proxyType = 1;
			remoteGlobalIDString = EDFE6A781CDBB0F300D997F9;
			remoteInfo = TagCollectionView;
		};
/* End PBXContainerItemProxy section */

/* Begin PBXFileReference section */
		EDFE6A791CDBB0F300D997F9 /* TagCollectionView.app */ = {isa = PBXFileReference; explicitFileType = wrapper.application; includeInIndex = 0; path = TagCollectionView.app; sourceTree = BUILT_PRODUCTS_DIR; };
		EDFE6A7C1CDBB0F300D997F9 /* AppDelegate.swift */ = {isa = PBXFileReference; lastKnownFileType = sourcecode.swift; path = AppDelegate.swift; sourceTree = "<group>"; };
		EDFE6A7E1CDBB0F300D997F9 /* ViewController.swift */ = {isa = PBXFileReference; lastKnownFileType = sourcecode.swift; path = ViewController.swift; sourceTree = "<group>"; };
		EDFE6A811CDBB0F300D997F9 /* Base */ = {isa = PBXFileReference; lastKnownFileType = file.storyboard; name = Base; path = Base.lproj/Main.storyboard; sourceTree = "<group>"; };
		EDFE6A831CDBB0F300D997F9 /* Assets.xcassets */ = {isa = PBXFileReference; lastKnownFileType = folder.assetcatalog; path = Assets.xcassets; sourceTree = "<group>"; };
		EDFE6A861CDBB0F300D997F9 /* Base */ = {isa = PBXFileReference; lastKnownFileType = file.storyboard; name = Base; path = Base.lproj/LaunchScreen.storyboard; sourceTree = "<group>"; };
		EDFE6A881CDBB0F300D997F9 /* Info.plist */ = {isa = PBXFileReference; lastKnownFileType = text.plist.xml; path = Info.plist; sourceTree = "<group>"; };
		EDFE6A8D1CDBB0F300D997F9 /* TagCollectionViewTests.xctest */ = {isa = PBXFileReference; explicitFileType = wrapper.cfbundle; includeInIndex = 0; path = TagCollectionViewTests.xctest; sourceTree = BUILT_PRODUCTS_DIR; };
		EDFE6A911CDBB0F300D997F9 /* TagCollectionViewTests.swift */ = {isa = PBXFileReference; lastKnownFileType = sourcecode.swift; path = TagCollectionViewTests.swift; sourceTree = "<group>"; };
		EDFE6A931CDBB0F300D997F9 /* Info.plist */ = {isa = PBXFileReference; lastKnownFileType = text.plist.xml; path = Info.plist; sourceTree = "<group>"; };
		EDFE6A9C1CDBB11A00D997F9 /* TagCollectionView.swift */ = {isa = PBXFileReference; fileEncoding = 4; lastKnownFileType = sourcecode.swift; path = TagCollectionView.swift; sourceTree = "<group>"; };
		EDFE6A9E1CDBB25E00D997F9 /* TagCollectionViewCell.swift */ = {isa = PBXFileReference; fileEncoding = 4; lastKnownFileType = sourcecode.swift; path = TagCollectionViewCell.swift; sourceTree = "<group>"; };
		EDFE6AA01CDBB29300D997F9 /* TagCollectionViewFlowLayout.swift */ = {isa = PBXFileReference; fileEncoding = 4; lastKnownFileType = sourcecode.swift; path = TagCollectionViewFlowLayout.swift; sourceTree = "<group>"; };
/* End PBXFileReference section */

/* Begin PBXFrameworksBuildPhase section */
		EDFE6A761CDBB0F300D997F9 /* Frameworks */ = {
			isa = PBXFrameworksBuildPhase;
			buildActionMask = 2147483647;
			files = (
			);
			runOnlyForDeploymentPostprocessing = 0;
		};
		EDFE6A8A1CDBB0F300D997F9 /* Frameworks */ = {
			isa = PBXFrameworksBuildPhase;
			buildActionMask = 2147483647;
			files = (
			);
			runOnlyForDeploymentPostprocessing = 0;
		};
/* End PBXFrameworksBuildPhase section */

/* Begin PBXGroup section */
		EDFE6A701CDBB0F300D997F9 = {
			isa = PBXGroup;
			children = (
				EDFE6A7B1CDBB0F300D997F9 /* TagCollectionView */,
				EDFE6A901CDBB0F300D997F9 /* TagCollectionViewTests */,
				EDFE6A7A1CDBB0F300D997F9 /* Products */,
			);
			sourceTree = "<group>";
		};
		EDFE6A7A1CDBB0F300D997F9 /* Products */ = {
			isa = PBXGroup;
			children = (
				EDFE6A791CDBB0F300D997F9 /* TagCollectionView.app */,
				EDFE6A8D1CDBB0F300D997F9 /* TagCollectionViewTests.xctest */,
			);
			name = Products;
			sourceTree = "<group>";
		};
		EDFE6A7B1CDBB0F300D997F9 /* TagCollectionView */ = {
			isa = PBXGroup;
			children = (
				EDFE6A7C1CDBB0F300D997F9 /* AppDelegate.swift */,
				EDFE6A7E1CDBB0F300D997F9 /* ViewController.swift */,
				EDFE6A9C1CDBB11A00D997F9 /* TagCollectionView.swift */,
				EDFE6A9E1CDBB25E00D997F9 /* TagCollectionViewCell.swift */,
				EDFE6AA01CDBB29300D997F9 /* TagCollectionViewFlowLayout.swift */,
				EDFE6A801CDBB0F300D997F9 /* Main.storyboard */,
				EDFE6A831CDBB0F300D997F9 /* Assets.xcassets */,
				EDFE6A851CDBB0F300D997F9 /* LaunchScreen.storyboard */,
				EDFE6A881CDBB0F300D997F9 /* Info.plist */,
			);
			path = TagCollectionView;
			sourceTree = "<group>";
		};
		EDFE6A901CDBB0F300D997F9 /* TagCollectionViewTests */ = {
			isa = PBXGroup;
			children = (
				EDFE6A911CDBB0F300D997F9 /* TagCollectionViewTests.swift */,
				EDFE6A931CDBB0F300D997F9 /* Info.plist */,
			);
			path = TagCollectionViewTests;
			sourceTree = "<group>";
		};
/* End PBXGroup section */

/* Begin PBXNativeTarget section */
		EDFE6A781CDBB0F300D997F9 /* TagCollectionView */ = {
			isa = PBXNativeTarget;
			buildConfigurationList = EDFE6A961CDBB0F300D997F9 /* Build configuration list for PBXNativeTarget "TagCollectionView" */;
			buildPhases = (
				EDFE6A751CDBB0F300D997F9 /* Sources */,
				EDFE6A761CDBB0F300D997F9 /* Frameworks */,
				EDFE6A771CDBB0F300D997F9 /* Resources */,
			);
			buildRules = (
			);
			dependencies = (
			);
			name = TagCollectionView;
			productName = TagCollectionView;
			productReference = EDFE6A791CDBB0F300D997F9 /* TagCollectionView.app */;
			productType = "com.apple.product-type.application";
		};
		EDFE6A8C1CDBB0F300D997F9 /* TagCollectionViewTests */ = {
			isa = PBXNativeTarget;
			buildConfigurationList = EDFE6A991CDBB0F300D997F9 /* Build configuration list for PBXNativeTarget "TagCollectionViewTests" */;
			buildPhases = (
				EDFE6A891CDBB0F300D997F9 /* Sources */,
				EDFE6A8A1CDBB0F300D997F9 /* Frameworks */,
				EDFE6A8B1CDBB0F300D997F9 /* Resources */,
			);
			buildRules = (
			);
			dependencies = (
				EDFE6A8F1CDBB0F300D997F9 /* PBXTargetDependency */,
			);
			name = TagCollectionViewTests;
			productName = TagCollectionViewTests;
			productReference = EDFE6A8D1CDBB0F300D997F9 /* TagCollectionViewTests.xctest */;
			productType = "com.apple.product-type.bundle.unit-test";
		};
/* End PBXNativeTarget section */

/* Begin PBXProject section */
		EDFE6A711CDBB0F300D997F9 /* Project object */ = {
			isa = PBXProject;
			attributes = {
				LastSwiftUpdateCheck = 0730;
				LastUpgradeCheck = 0730;
				ORGANIZATIONNAME = "Carl Udren";
				TargetAttributes = {
					EDFE6A781CDBB0F300D997F9 = {
						CreatedOnToolsVersion = 7.3;
					};
					EDFE6A8C1CDBB0F300D997F9 = {
						CreatedOnToolsVersion = 7.3;
						TestTargetID = EDFE6A781CDBB0F300D997F9;
					};
				};
			};
			buildConfigurationList = EDFE6A741CDBB0F300D997F9 /* Build configuration list for PBXProject "TagCollectionView" */;
			compatibilityVersion = "Xcode 3.2";
			developmentRegion = English;
			hasScannedForEncodings = 0;
			knownRegions = (
				en,
				Base,
			);
			mainGroup = EDFE6A701CDBB0F300D997F9;
			productRefGroup = EDFE6A7A1CDBB0F300D997F9 /* Products */;
			projectDirPath = "";
			projectRoot = "";
			targets = (
				EDFE6A781CDBB0F300D997F9 /* TagCollectionView */,
				EDFE6A8C1CDBB0F300D997F9 /* TagCollectionViewTests */,
			);
		};
/* End PBXProject section */

/* Begin PBXResourcesBuildPhase section */
		EDFE6A771CDBB0F300D997F9 /* Resources */ = {
			isa = PBXResourcesBuildPhase;
			buildActionMask = 2147483647;
			files = (
				EDFE6A871CDBB0F300D997F9 /* LaunchScreen.storyboard in Resources */,
				EDFE6A841CDBB0F300D997F9 /* Assets.xcassets in Resources */,
				EDFE6A821CDBB0F300D997F9 /* Main.storyboard in Resources */,
			);
			runOnlyForDeploymentPostprocessing = 0;
		};
		EDFE6A8B1CDBB0F300D997F9 /* Resources */ = {
			isa = PBXResourcesBuildPhase;
			buildActionMask = 2147483647;
			files = (
			);
			runOnlyForDeploymentPostprocessing = 0;
		};
/* End PBXResourcesBuildPhase section */

/* Begin PBXSourcesBuildPhase section */
		EDFE6A751CDBB0F300D997F9 /* Sources */ = {
			isa = PBXSourcesBuildPhase;
			buildActionMask = 2147483647;
			files = (
				EDFE6A7F1CDBB0F300D997F9 /* ViewController.swift in Sources */,
				EDFE6AA11CDBB29300D997F9 /* TagCollectionViewFlowLayout.swift in Sources */,
				EDFE6A9F1CDBB25E00D997F9 /* TagCollectionViewCell.swift in Sources */,
				EDFE6A7D1CDBB0F300D997F9 /* AppDelegate.swift in Sources */,
				EDFE6A9D1CDBB11A00D997F9 /* TagCollectionView.swift in Sources */,
			);
			runOnlyForDeploymentPostprocessing = 0;
		};
		EDFE6A891CDBB0F300D997F9 /* Sources */ = {
			isa = PBXSourcesBuildPhase;
			buildActionMask = 2147483647;
			files = (
				EDFE6A921CDBB0F300D997F9 /* TagCollectionViewTests.swift in Sources */,
			);
			runOnlyForDeploymentPostprocessing = 0;
		};
/* End PBXSourcesBuildPhase section */

/* Begin PBXTargetDependency section */
		EDFE6A8F1CDBB0F300D997F9 /* PBXTargetDependency */ = {
			isa = PBXTargetDependency;
			target = EDFE6A781CDBB0F300D997F9 /* TagCollectionView */;
			targetProxy = EDFE6A8E1CDBB0F300D997F9 /* PBXContainerItemProxy */;
		};
/* End PBXTargetDependency section */

/* Begin PBXVariantGroup section */
		EDFE6A801CDBB0F300D997F9 /* Main.storyboard */ = {
			isa = PBXVariantGroup;
			children = (
				EDFE6A811CDBB0F300D997F9 /* Base */,
			);
			name = Main.storyboard;
			sourceTree = "<group>";
		};
		EDFE6A851CDBB0F300D997F9 /* LaunchScreen.storyboard */ = {
			isa = PBXVariantGroup;
			children = (
				EDFE6A861CDBB0F300D997F9 /* Base */,
			);
			name = LaunchScreen.storyboard;
			sourceTree = "<group>";
		};
/* End PBXVariantGroup section */

/* Begin XCBuildConfiguration section */
		EDFE6A941CDBB0F300D997F9 /* Debug */ = {
			isa = XCBuildConfiguration;
			buildSettings = {
				ALWAYS_SEARCH_USER_PATHS = NO;
				CLANG_ANALYZER_NONNULL = YES;
				CLANG_CXX_LANGUAGE_STANDARD = "gnu++0x";
				CLANG_CXX_LIBRARY = "libc++";
				CLANG_ENABLE_MODULES = YES;
				CLANG_ENABLE_OBJC_ARC = YES;
				CLANG_WARN_BOOL_CONVERSION = YES;
				CLANG_WARN_CONSTANT_CONVERSION = YES;
				CLANG_WARN_DIRECT_OBJC_ISA_USAGE = YES_ERROR;
				CLANG_WARN_EMPTY_BODY = YES;
				CLANG_WARN_ENUM_CONVERSION = YES;
				CLANG_WARN_INT_CONVERSION = YES;
				CLANG_WARN_OBJC_ROOT_CLASS = YES_ERROR;
				CLANG_WARN_UNREACHABLE_CODE = YES;
				CLANG_WARN__DUPLICATE_METHOD_MATCH = YES;
				"CODE_SIGN_IDENTITY[sdk=iphoneos*]" = "iPhone Developer";
				COPY_PHASE_STRIP = NO;
				DEBUG_INFORMATION_FORMAT = dwarf;
				ENABLE_STRICT_OBJC_MSGSEND = YES;
				ENABLE_TESTABILITY = YES;
				GCC_C_LANGUAGE_STANDARD = gnu99;
				GCC_DYNAMIC_NO_PIC = NO;
				GCC_NO_COMMON_BLOCKS = YES;
				GCC_OPTIMIZATION_LEVEL = 0;
				GCC_PREPROCESSOR_DEFINITIONS = (
					"DEBUG=1",
					"$(inherited)",
				);
				GCC_WARN_64_TO_32_BIT_CONVERSION = YES;
				GCC_WARN_ABOUT_RETURN_TYPE = YES_ERROR;
				GCC_WARN_UNDECLARED_SELECTOR = YES;
				GCC_WARN_UNINITIALIZED_AUTOS = YES_AGGRESSIVE;
				GCC_WARN_UNUSED_FUNCTION = YES;
				GCC_WARN_UNUSED_VARIABLE = YES;
				IPHONEOS_DEPLOYMENT_TARGET = 9.3;
				MTL_ENABLE_DEBUG_INFO = YES;
				ONLY_ACTIVE_ARCH = YES;
				SDKROOT = iphoneos;
				SWIFT_OPTIMIZATION_LEVEL = "-Onone";
			};
			name = Debug;
		};
		EDFE6A951CDBB0F300D997F9 /* Release */ = {
			isa = XCBuildConfiguration;
			buildSettings = {
				ALWAYS_SEARCH_USER_PATHS = NO;
				CLANG_ANALYZER_NONNULL = YES;
				CLANG_CXX_LANGUAGE_STANDARD = "gnu++0x";
				CLANG_CXX_LIBRARY = "libc++";
				CLANG_ENABLE_MODULES = YES;
				CLANG_ENABLE_OBJC_ARC = YES;
				CLANG_WARN_BOOL_CONVERSION = YES;
				CLANG_WARN_CONSTANT_CONVERSION = YES;
				CLANG_WARN_DIRECT_OBJC_ISA_USAGE = YES_ERROR;
				CLANG_WARN_EMPTY_BODY = YES;
				CLANG_WARN_ENUM_CONVERSION = YES;
				CLANG_WARN_INT_CONVERSION = YES;
				CLANG_WARN_OBJC_ROOT_CLASS = YES_ERROR;
				CLANG_WARN_UNREACHABLE_CODE = YES;
				CLANG_WARN__DUPLICATE_METHOD_MATCH = YES;
				"CODE_SIGN_IDENTITY[sdk=iphoneos*]" = "iPhone Developer";
				COPY_PHASE_STRIP = NO;
				DEBUG_INFORMATION_FORMAT = "dwarf-with-dsym";
				ENABLE_NS_ASSERTIONS = NO;
				ENABLE_STRICT_OBJC_MSGSEND = YES;
				GCC_C_LANGUAGE_STANDARD = gnu99;
				GCC_NO_COMMON_BLOCKS = YES;
				GCC_WARN_64_TO_32_BIT_CONVERSION = YES;
				GCC_WARN_ABOUT_RETURN_TYPE = YES_ERROR;
				GCC_WARN_UNDECLARED_SELECTOR = YES;
				GCC_WARN_UNINITIALIZED_AUTOS = YES_AGGRESSIVE;
				GCC_WARN_UNUSED_FUNCTION = YES;
				GCC_WARN_UNUSED_VARIABLE = YES;
				IPHONEOS_DEPLOYMENT_TARGET = 9.3;
				MTL_ENABLE_DEBUG_INFO = NO;
				SDKROOT = iphoneos;
				VALIDATE_PRODUCT = YES;
			};
			name = Release;
		};
		EDFE6A971CDBB0F300D997F9 /* Debug */ = {
			isa = XCBuildConfiguration;
			buildSettings = {
				ASSETCATALOG_COMPILER_APPICON_NAME = AppIcon;
				INFOPLIST_FILE = TagCollectionView/Info.plist;
				LD_RUNPATH_SEARCH_PATHS = "$(inherited) @executable_path/Frameworks";
				PRODUCT_BUNDLE_IDENTIFIER = "Carl-Udren.TagCollectionView";
				PRODUCT_NAME = "$(TARGET_NAME)";
			};
			name = Debug;
		};
		EDFE6A981CDBB0F300D997F9 /* Release */ = {
			isa = XCBuildConfiguration;
			buildSettings = {
				ASSETCATALOG_COMPILER_APPICON_NAME = AppIcon;
				INFOPLIST_FILE = TagCollectionView/Info.plist;
				LD_RUNPATH_SEARCH_PATHS = "$(inherited) @executable_path/Frameworks";
				PRODUCT_BUNDLE_IDENTIFIER = "Carl-Udren.TagCollectionView";
				PRODUCT_NAME = "$(TARGET_NAME)";
			};
			name = Release;
		};
		EDFE6A9A1CDBB0F300D997F9 /* Debug */ = {
			isa = XCBuildConfiguration;
			buildSettings = {
				BUNDLE_LOADER = "$(TEST_HOST)";
				INFOPLIST_FILE = TagCollectionViewTests/Info.plist;
				LD_RUNPATH_SEARCH_PATHS = "$(inherited) @executable_path/Frameworks @loader_path/Frameworks";
				PRODUCT_BUNDLE_IDENTIFIER = "Carl-Udren.TagCollectionViewTests";
				PRODUCT_NAME = "$(TARGET_NAME)";
				TEST_HOST = "$(BUILT_PRODUCTS_DIR)/TagCollectionView.app/TagCollectionView";
			};
			name = Debug;
		};
		EDFE6A9B1CDBB0F300D997F9 /* Release */ = {
			isa = XCBuildConfiguration;
			buildSettings = {
				BUNDLE_LOADER = "$(TEST_HOST)";
				INFOPLIST_FILE = TagCollectionViewTests/Info.plist;
				LD_RUNPATH_SEARCH_PATHS = "$(inherited) @executable_path/Frameworks @loader_path/Frameworks";
				PRODUCT_BUNDLE_IDENTIFIER = "Carl-Udren.TagCollectionViewTests";
				PRODUCT_NAME = "$(TARGET_NAME)";
				TEST_HOST = "$(BUILT_PRODUCTS_DIR)/TagCollectionView.app/TagCollectionView";
			};
			name = Release;
		};
/* End XCBuildConfiguration section */

/* Begin XCConfigurationList section */
		EDFE6A741CDBB0F300D997F9 /* Build configuration list for PBXProject "TagCollectionView" */ = {
			isa = XCConfigurationList;
			buildConfigurations = (
				EDFE6A941CDBB0F300D997F9 /* Debug */,
				EDFE6A951CDBB0F300D997F9 /* Release */,
			);
			defaultConfigurationIsVisible = 0;
			defaultConfigurationName = Release;
		};
		EDFE6A961CDBB0F300D997F9 /* Build configuration list for PBXNativeTarget "TagCollectionView" */ = {
			isa = XCConfigurationList;
			buildConfigurations = (
				EDFE6A971CDBB0F300D997F9 /* Debug */,
				EDFE6A981CDBB0F300D997F9 /* Release */,
			);
			defaultConfigurationIsVisible = 0;
		};
		EDFE6A991CDBB0F300D997F9 /* Build configuration list for PBXNativeTarget "TagCollectionViewTests" */ = {
			isa = XCConfigurationList;
			buildConfigurations = (
				EDFE6A9A1CDBB0F300D997F9 /* Debug */,
				EDFE6A9B1CDBB0F300D997F9 /* Release */,
			);
			defaultConfigurationIsVisible = 0;
		};
/* End XCConfigurationList section */
	};
	rootObject = EDFE6A711CDBB0F300D997F9 /* Project object */;
}
